<?xml version="1.0" encoding="utf-8"?>
<Project ToolsVersion="4.0" xmlns="http://schemas.microsoft.com/developer/msbuild/2003">
  <ItemGroup>
    <Filter Include="Source Files">
      <UniqueIdentifier>{4FC737F1-C7A5-4376-A066-2A32D752A2FF}</UniqueIdentifier>
      <Extensions>cpp;c;cc;cxx;def;odl;idl;hpj;bat;asm;asmx</Extensions>
    </Filter>
    <Filter Include="Header Files">
      <UniqueIdentifier>{93995380-89BD-4b04-88EB-625FBE52EBFB}</UniqueIdentifier>
      <Extensions>h;hh;hpp;hxx;hm;inl;inc;ipp;xsd</Extensions>
    </Filter>
    <Filter Include="Resource Files">
      <UniqueIdentifier>{67DA6AB6-F800-4c08-8B7A-83BB121AAD01}</UniqueIdentifier>
      <Extensions>rc;ico;cur;bmp;dlg;rc2;rct;bin;rgs;gif;jpg;jpeg;jpe;resx;tiff;tif;png;wav;mfcribbon-ms</Extensions>
    </Filter>
    <Filter Include="Header Files\ScannerArgumentsProvider">
      <UniqueIdentifier>{330a9bfa-c37e-4790-809c-bc78efe4c3f5}</UniqueIdentifier>
    </Filter>
    <Filter Include="Header Files\FileSystemScanner">
      <UniqueIdentifier>{3bdb4828-b19a-4762-889f-2a4c145b00ce}</UniqueIdentifier>
    </Filter>
    <Filter Include="Source Files\ScannerArgumentsProvider">
      <UniqueIdentifier>{9af5e39a-6974-4f2b-94fc-5ecabb1d9dcb}</UniqueIdentifier>
    </Filter>
    <Filter Include="Source Files\FileSystemScanner">
      <UniqueIdentifier>{adb552b4-42ba-4c2c-9dc1-31fceceff5e9}</UniqueIdentifier>
    </Filter>
    <Filter Include="Header Files\TraversingStrategy">
      <UniqueIdentifier>{3187746f-0888-4085-a866-e37af445ae3b}</UniqueIdentifier>
    </Filter>
    <Filter Include="Source Files\TraversingStrategy">
      <UniqueIdentifier>{01571e4d-3631-4b63-b69f-bd2b7dd022cd}</UniqueIdentifier>
    </Filter>
    <Filter Include="Header Files\SearchGoalStrategy">
      <UniqueIdentifier>{23cdcdd1-167d-4a79-bf32-d76d1e72b46b}</UniqueIdentifier>
    </Filter>
    <Filter Include="Header Files\ScanningProgressObserver">
      <UniqueIdentifier>{2ea7048e-936b-4ee2-a69e-99bf40456a90}</UniqueIdentifier>
    </Filter>
    <Filter Include="Source Files\ScanningProgressObserver">
      <UniqueIdentifier>{e989ddf0-abc7-44f4-b8e5-ea4dd5f15cdb}</UniqueIdentifier>
    </Filter>
    <Filter Include="Source Files\SearchGoalStrategy">
      <UniqueIdentifier>{5da25e92-5c30-4c15-a974-d3d764a283b9}</UniqueIdentifier>
    </Filter>
    <Filter Include="Header Files\Wrappers">
      <UniqueIdentifier>{ba8410ac-362e-404f-8c1a-cedc127ae682}</UniqueIdentifier>
    </Filter>
    <Filter Include="Source Files\Wrappers">
      <UniqueIdentifier>{a2116dae-0bbe-4153-9278-5d0f4adaee79}</UniqueIdentifier>
    </Filter>
  </ItemGroup>
  <ItemGroup>
    <ClInclude Include="pch.h">
      <Filter>Header Files</Filter>
    </ClInclude>
    <ClInclude Include="ScannerArgumentsProvider.h">
      <Filter>Header Files\ScannerArgumentsProvider</Filter>
    </ClInclude>
    <ClInclude Include="FileSystemScanner.h">
      <Filter>Header Files\FileSystemScanner</Filter>
    </ClInclude>
    <ClInclude Include="ITraversingStrategy.h">
      <Filter>Header Files\TraversingStrategy</Filter>
    </ClInclude>
    <ClInclude Include="FileSystemObject.h">
      <Filter>Header Files\FileSystemScanner</Filter>
    </ClInclude>
    <ClInclude Include="BreadthTraversingStrategy.h">
      <Filter>Header Files\TraversingStrategy</Filter>
    </ClInclude>
    <ClInclude Include="FindLargestFoldersStrategy.h">
      <Filter>Header Files\SearchGoalStrategy</Filter>
    </ClInclude>
    <ClInclude Include="ISearchGoalStrategy.h">
      <Filter>Header Files\SearchGoalStrategy</Filter>
    </ClInclude>
    <ClInclude Include="IScanningProgressObserver.h">
      <Filter>Header Files\ScanningProgressObserver</Filter>
    </ClInclude>
    <ClInclude Include="ConsoleScanningProgressObserver.h">
      <Filter>Header Files\ScanningProgressObserver</Filter>
    </ClInclude>
    <ClInclude Include="SearchGoalStrategyFactory.h">
      <Filter>Header Files\SearchGoalStrategy</Filter>
    </ClInclude>
    <ClInclude Include="TraversingStrategyFactory.h">
      <Filter>Header Files\TraversingStrategy</Filter>
    </ClInclude>
    <ClInclude Include="DepthTraversingStrategy.h">
      <Filter>Header Files\TraversingStrategy</Filter>
    </ClInclude>
    <ClInclude Include="FindLargestFileStrategy.h">
      <Filter>Header Files\SearchGoalStrategy</Filter>
    </ClInclude>
    <ClInclude Include="DeleteFilesByNameStrategy.h">
      <Filter>Header Files\SearchGoalStrategy</Filter>
    </ClInclude>
    <ClInclude Include="FindFilesByExtensionStrategy.h">
      <Filter>Header Files\SearchGoalStrategy</Filter>
    </ClInclude>
    <ClInclude Include="Utils.h">
      <Filter>Header Files</Filter>
    </ClInclude>
    <ClInclude Include="HandleWrapper.h">
      <Filter>Header Files\Wrappers</Filter>
    </ClInclude>
  </ItemGroup>
  <ItemGroup>
    <ClCompile Include="pch.cpp">
      <Filter>Source Files</Filter>
    </ClCompile>
    <ClCompile Include="idp2.cpp">
      <Filter>Source Files</Filter>
    </ClCompile>
    <ClCompile Include="ScannerArgumentsProvider.cpp">
      <Filter>Source Files\ScannerArgumentsProvider</Filter>
    </ClCompile>
    <ClCompile Include="BreadthTraversingStrategy.cpp">
      <Filter>Source Files\TraversingStrategy</Filter>
    </ClCompile>
    <ClCompile Include="FileSystemObject.cpp">
      <Filter>Source Files\FileSystemScanner</Filter>
    </ClCompile>
    <ClCompile Include="ConsoleScanningProgressObserver.cpp">
      <Filter>Source Files\ScanningProgressObserver</Filter>
    </ClCompile>
    <ClCompile Include="FindLargestFoldersStrategy.cpp">
      <Filter>Source Files\SearchGoalStrategy</Filter>
    </ClCompile>
    <ClCompile Include="SearchGoalStrategyFactory.cpp">
      <Filter>Source Files\SearchGoalStrategy</Filter>
    </ClCompile>
    <ClCompile Include="TraversingStrategyFactory.cpp">
      <Filter>Source Files\TraversingStrategy</Filter>
    </ClCompile>
    <ClCompile Include="FileSystemScanner.cpp">
      <Filter>Source Files\FileSystemScanner</Filter>
    </ClCompile>
    <ClCompile Include="DepthTraversingStrategy.cpp">
      <Filter>Source Files\TraversingStrategy</Filter>
    </ClCompile>
    <ClCompile Include="FindLargestFileStrategy.cpp">
      <Filter>Source Files\SearchGoalStrategy</Filter>
    </ClCompile>
    <ClCompile Include="DeleteFilesByNameStrategy.cpp">
      <Filter>Source Files\SearchGoalStrategy</Filter>
    </ClCompile>
    <ClCompile Include="FindFilesByExtensionStrategy.cpp">
      <Filter>Source Files\SearchGoalStrategy</Filter>
    </ClCompile>
    <ClCompile Include="Utils.cpp">
      <Filter>Source Files</Filter>
    </ClCompile>
    <ClCompile Include="HandleWrapper.cpp">
      <Filter>Source Files\Wrappers</Filter>
    </ClCompile>
  </ItemGroup>
</Project>